
Microsoft Visual Studio Solution File, Format Version 12.00
# Visual Studio Version 17
VisualStudioVersion = 17.14.36401.2 d17.14
MinimumVisualStudioVersion = 10.0.40219.1
Project("{FAE04EC0-301F-11D3-BF4B-00C04F79EFBC}") = "ElasticLogEvent", "ElasticLogEvent\ElasticLogEvent.csproj", "{8025EC09-06D6-4372-9243-6CA1D3E15D89}"
EndProject
Global
	GlobalSection(SolutionConfigurationPlatforms) = preSolution
		Debug|Any CPU = Debug|Any CPU
		Release|Any CPU = Release|Any CPU
	EndGlobalSection
	GlobalSection(ProjectConfigurationPlatforms) = postSolution
		{8025EC09-06D6-4372-9243-6CA1D3E15D89}.Debug|Any CPU.ActiveCfg = Debug|Any CPU
		{8025EC09-06D6-4372-9243-6CA1D3E15D89}.Debug|Any CPU.Build.0 = Debug|Any CPU
		{8025EC09-06D6-4372-9243-6CA1D3E15D89}.Release|Any CPU.ActiveCfg = Release|Any CPU
		{8025EC09-06D6-4372-9243-6CA1D3E15D89}.Release|Any CPU.Build.0 = Release|Any CPU
	EndGlobalSection
	GlobalSection(SolutionProperties) = preSolution
		HideSolutionNode = FALSE
	EndGlobalSection
	GlobalSection(ExtensibilityGlobals) = postSolution
		SolutionGuid = {60F87A6B-26A6-423E-8278-36A1F80E77BD}
	EndGlobalSection
EndGlobal
